
Microsoft Visual Studio Solution File, Format Version 12.00
# Visual Studio Version 16
VisualStudioVersion = 16.0.30413.136
MinimumVisualStudioVersion = 10.0.40219.1
Project("{FAE04EC0-301F-11D3-BF4B-00C04F79EFBC}") = "RoomCalculator", "RoomCalculator\RoomCalculator.csproj", "{216999B5-4CCF-4A1D-AA86-22EB679400A9}"
EndProject
Global
	GlobalSection(SolutionConfigurationPlatforms) = preSolution
		Debug|Any CPU = Debug|Any CPU
		Release|Any CPU = Release|Any CPU
	EndGlobalSection
	GlobalSection(ProjectConfigurationPlatforms) = postSolution
		{216999B5-4CCF-4A1D-AA86-22EB679400A9}.Debug|Any CPU.ActiveCfg = Debug|Any CPU
		{216999B5-4CCF-4A1D-AA86-22EB679400A9}.Debug|Any CPU.Build.0 = Debug|Any CPU
		{216999B5-4CCF-4A1D-AA86-22EB679400A9}.Release|Any CPU.ActiveCfg = Release|Any CPU
		{216999B5-4CCF-4A1D-AA86-22EB679400A9}.Release|Any CPU.Build.0 = Release|Any CPU
	EndGlobalSection
	GlobalSection(SolutionProperties) = preSolution
		HideSolutionNode = FALSE
	EndGlobalSection
	GlobalSection(ExtensibilityGlobals) = postSolution
		SolutionGuid = {640461EA-5E54-464E-A233-5418EAF2563E}
	EndGlobalSection
EndGlobal
